
Microsoft Visual Studio Solution File, Format Version 12.00
# Visual Studio Version 17
VisualStudioVersion = 17.6.33829.357
MinimumVisualStudioVersion = 10.0.40219.1
Project("{FAE04EC0-301F-11D3-BF4B-00C04F79EFBC}") = "RabitMqProductAPI", "RabitMqProductAPI\RabitMqProductAPI.csproj", "{600CBF49-DF9E-46CF-AD24-EA320091C86B}"
EndProject
Project("{FAE04EC0-301F-11D3-BF4B-00C04F79EFBC}") = "RabitMQProduct.ConsoleApplication", "RabitMQProduct.ConsoleApplication\RabitMQProduct.ConsoleApplication.csproj", "{103C6201-66E9-436C-98CA-A64A00961DF5}"
EndProject
Global
	GlobalSection(SolutionConfigurationPlatforms) = preSolution
		Debug|Any CPU = Debug|Any CPU
		Release|Any CPU = Release|Any CPU
	EndGlobalSection
	GlobalSection(ProjectConfigurationPlatforms) = postSolution
		{600CBF49-DF9E-46CF-AD24-EA320091C86B}.Debug|Any CPU.ActiveCfg = Debug|Any CPU
		{600CBF49-DF9E-46CF-AD24-EA320091C86B}.Debug|Any CPU.Build.0 = Debug|Any CPU
		{600CBF49-DF9E-46CF-AD24-EA320091C86B}.Release|Any CPU.ActiveCfg = Release|Any CPU
		{600CBF49-DF9E-46CF-AD24-EA320091C86B}.Release|Any CPU.Build.0 = Release|Any CPU
		{103C6201-66E9-436C-98CA-A64A00961DF5}.Debug|Any CPU.ActiveCfg = Debug|Any CPU
		{103C6201-66E9-436C-98CA-A64A00961DF5}.Debug|Any CPU.Build.0 = Debug|Any CPU
		{103C6201-66E9-436C-98CA-A64A00961DF5}.Release|Any CPU.ActiveCfg = Release|Any CPU
		{103C6201-66E9-436C-98CA-A64A00961DF5}.Release|Any CPU.Build.0 = Release|Any CPU
	EndGlobalSection
	GlobalSection(SolutionProperties) = preSolution
		HideSolutionNode = FALSE
	EndGlobalSection
	GlobalSection(ExtensibilityGlobals) = postSolution
		SolutionGuid = {D2AD0108-5934-41FF-A7C0-FF3450A7E480}
	EndGlobalSection
EndGlobal
